
Microsoft Visual Studio Solution File, Format Version 12.00
# Visual Studio Version 17
VisualStudioVersion = 17.0.31606.5
MinimumVisualStudioVersion = 10.0.40219.1
Project("{9A19103F-16F7-4668-BE54-9A1E7A4F7556}") = "Detachable.Project.IBusiness", "Detachable.Project.IBusiness\Detachable.Project.IBusiness.csproj", "{16BA8AFE-C598-40C2-BBB8-67D2351A91AD}"
EndProject
Project("{9A19103F-16F7-4668-BE54-9A1E7A4F7556}") = "Detachable.Project.WebApi", "Detachable.Project.WebApi\Detachable.Project.WebApi.csproj", "{5E5C554E-01A5-49CE-ABDE-84685D2F2C46}"
EndProject
Project("{9A19103F-16F7-4668-BE54-9A1E7A4F7556}") = "Detachable.Project.Core", "Detachable.Project.Core\Detachable.Project.Core.csproj", "{AD608794-6EE1-4C9D-9B6C-3AE833131F87}"
EndProject
Project("{9A19103F-16F7-4668-BE54-9A1E7A4F7556}") = "Detachable.Project.Business", "Detachable.Project.Business\Detachable.Project.Business.csproj", "{FF4316BF-9E7A-48EA-BEB4-9F45E22EC56F}"
EndProject
Project("{9A19103F-16F7-4668-BE54-9A1E7A4F7556}") = "Detachable.Project.Utility", "Detachable.Project.Utility\Detachable.Project.Utility.csproj", "{965CDB2C-4FEA-40BD-BE73-8CA126554516}"
EndProject
Project("{9A19103F-16F7-4668-BE54-9A1E7A4F7556}") = "Detachable.Project.MessageBus", "Detachable.Project.MessageBus\Detachable.Project.MessageBus.csproj", "{62DD3D09-CB7F-4EB0-8556-B1A57B5096A1}"
EndProject
Project("{9A19103F-16F7-4668-BE54-9A1E7A4F7556}") = "Detachable.Project.Entity", "Detachable.Project.Entity\Detachable.Project.Entity.csproj", "{CB2FC89A-9E77-4862-AD02-F078A3A0C102}"
EndProject
Global
	GlobalSection(SolutionConfigurationPlatforms) = preSolution
		Debug|Any CPU = Debug|Any CPU
		Release|Any CPU = Release|Any CPU
	EndGlobalSection
	GlobalSection(ProjectConfigurationPlatforms) = postSolution
		{16BA8AFE-C598-40C2-BBB8-67D2351A91AD}.Debug|Any CPU.ActiveCfg = Debug|Any CPU
		{16BA8AFE-C598-40C2-BBB8-67D2351A91AD}.Debug|Any CPU.Build.0 = Debug|Any CPU
		{16BA8AFE-C598-40C2-BBB8-67D2351A91AD}.Release|Any CPU.ActiveCfg = Release|Any CPU
		{16BA8AFE-C598-40C2-BBB8-67D2351A91AD}.Release|Any CPU.Build.0 = Release|Any CPU
		{5E5C554E-01A5-49CE-ABDE-84685D2F2C46}.Debug|Any CPU.ActiveCfg = Debug|Any CPU
		{5E5C554E-01A5-49CE-ABDE-84685D2F2C46}.Debug|Any CPU.Build.0 = Debug|Any CPU
		{5E5C554E-01A5-49CE-ABDE-84685D2F2C46}.Release|Any CPU.ActiveCfg = Release|Any CPU
		{5E5C554E-01A5-49CE-ABDE-84685D2F2C46}.Release|Any CPU.Build.0 = Release|Any CPU
		{AD608794-6EE1-4C9D-9B6C-3AE833131F87}.Debug|Any CPU.ActiveCfg = Debug|Any CPU
		{AD608794-6EE1-4C9D-9B6C-3AE833131F87}.Debug|Any CPU.Build.0 = Debug|Any CPU
		{AD608794-6EE1-4C9D-9B6C-3AE833131F87}.Release|Any CPU.ActiveCfg = Release|Any CPU
		{AD608794-6EE1-4C9D-9B6C-3AE833131F87}.Release|Any CPU.Build.0 = Release|Any CPU
		{FF4316BF-9E7A-48EA-BEB4-9F45E22EC56F}.Debug|Any CPU.ActiveCfg = Debug|Any CPU
		{FF4316BF-9E7A-48EA-BEB4-9F45E22EC56F}.Debug|Any CPU.Build.0 = Debug|Any CPU
		{FF4316BF-9E7A-48EA-BEB4-9F45E22EC56F}.Release|Any CPU.ActiveCfg = Release|Any CPU
		{FF4316BF-9E7A-48EA-BEB4-9F45E22EC56F}.Release|Any CPU.Build.0 = Release|Any CPU
		{965CDB2C-4FEA-40BD-BE73-8CA126554516}.Debug|Any CPU.ActiveCfg = Debug|Any CPU
		{965CDB2C-4FEA-40BD-BE73-8CA126554516}.Debug|Any CPU.Build.0 = Debug|Any CPU
		{965CDB2C-4FEA-40BD-BE73-8CA126554516}.Release|Any CPU.ActiveCfg = Release|Any CPU
		{965CDB2C-4FEA-40BD-BE73-8CA126554516}.Release|Any CPU.Build.0 = Release|Any CPU
		{62DD3D09-CB7F-4EB0-8556-B1A57B5096A1}.Debug|Any CPU.ActiveCfg = Debug|Any CPU
		{62DD3D09-CB7F-4EB0-8556-B1A57B5096A1}.Debug|Any CPU.Build.0 = Debug|Any CPU
		{62DD3D09-CB7F-4EB0-8556-B1A57B5096A1}.Release|Any CPU.ActiveCfg = Release|Any CPU
		{62DD3D09-CB7F-4EB0-8556-B1A57B5096A1}.Release|Any CPU.Build.0 = Release|Any CPU
		{CB2FC89A-9E77-4862-AD02-F078A3A0C102}.Debug|Any CPU.ActiveCfg = Debug|Any CPU
		{CB2FC89A-9E77-4862-AD02-F078A3A0C102}.Debug|Any CPU.Build.0 = Debug|Any CPU
		{CB2FC89A-9E77-4862-AD02-F078A3A0C102}.Release|Any CPU.ActiveCfg = Release|Any CPU
		{CB2FC89A-9E77-4862-AD02-F078A3A0C102}.Release|Any CPU.Build.0 = Release|Any CPU
	EndGlobalSection
	GlobalSection(SolutionProperties) = preSolution
		HideSolutionNode = FALSE
	EndGlobalSection
	GlobalSection(ExtensibilityGlobals) = postSolution
		SolutionGuid = {8296C7B5-87C8-4000-B0DB-A50279FCA2CA}
	EndGlobalSection
EndGlobal
