
Microsoft Visual Studio Solution File, Format Version 12.00
# Visual Studio Version 17
VisualStudioVersion = 17.0.31606.5
MinimumVisualStudioVersion = 10.0.40219.1
Project("{9A19103F-16F7-4668-BE54-9A1E7A4F7556}") = "My.Project.IBusiness", "My.Project.IBusiness\My.Project.IBusiness.csproj", "{16BA8AFE-C598-40C2-BBB8-67D2351A91AD}"
EndProject
Project("{9A19103F-16F7-4668-BE54-9A1E7A4F7556}") = "My.Project.WebApi", "My.Project.WebApi\My.Project.WebApi.csproj", "{5E5C554E-01A5-49CE-ABDE-84685D2F2C46}"
EndProject
Project("{9A19103F-16F7-4668-BE54-9A1E7A4F7556}") = "My.Project.Core", "My.Project.Core\My.Project.Core.csproj", "{AD608794-6EE1-4C9D-9B6C-3AE833131F87}"
EndProject
Project("{9A19103F-16F7-4668-BE54-9A1E7A4F7556}") = "My.Project.Business", "My.Project.Business\My.Project.Business.csproj", "{FF4316BF-9E7A-48EA-BEB4-9F45E22EC56F}"
EndProject
Project("{9A19103F-16F7-4668-BE54-9A1E7A4F7556}") = "My.Project.Utility", "My.Project.Utility\My.Project.Utility.csproj", "{965CDB2C-4FEA-40BD-BE73-8CA126554516}"
EndProject
Project("{9A19103F-16F7-4668-BE54-9A1E7A4F7556}") = "My.Project.MessageBus", "My.Project.MessageBus\My.Project.MessageBus.csproj", "{62DD3D09-CB7F-4EB0-8556-B1A57B5096A1}"
EndProject
Project("{2150E333-8FDC-42A3-9474-1A3956D46DE8}") = "Cache", "Cache", "{24721741-ED68-4F3C-B04B-09687DC9FD6E}"
EndProject
Project("{FAE04EC0-301F-11D3-BF4B-00C04F79EFBC}") = "My.Project.Cache.Abstractions", "My.Project.Cache.Abstractions\My.Project.Cache.Abstractions.csproj", "{D94DB147-C5E5-47A1-9E4F-29D3BC094DA1}"
EndProject
Global
	GlobalSection(SolutionConfigurationPlatforms) = preSolution
		Debug|Any CPU = Debug|Any CPU
		Release|Any CPU = Release|Any CPU
	EndGlobalSection
	GlobalSection(ProjectConfigurationPlatforms) = postSolution
		{16BA8AFE-C598-40C2-BBB8-67D2351A91AD}.Debug|Any CPU.ActiveCfg = Debug|Any CPU
		{16BA8AFE-C598-40C2-BBB8-67D2351A91AD}.Debug|Any CPU.Build.0 = Debug|Any CPU
		{16BA8AFE-C598-40C2-BBB8-67D2351A91AD}.Release|Any CPU.ActiveCfg = Release|Any CPU
		{16BA8AFE-C598-40C2-BBB8-67D2351A91AD}.Release|Any CPU.Build.0 = Release|Any CPU
		{5E5C554E-01A5-49CE-ABDE-84685D2F2C46}.Debug|Any CPU.ActiveCfg = Debug|Any CPU
		{5E5C554E-01A5-49CE-ABDE-84685D2F2C46}.Debug|Any CPU.Build.0 = Debug|Any CPU
		{5E5C554E-01A5-49CE-ABDE-84685D2F2C46}.Release|Any CPU.ActiveCfg = Release|Any CPU
		{5E5C554E-01A5-49CE-ABDE-84685D2F2C46}.Release|Any CPU.Build.0 = Release|Any CPU
		{AD608794-6EE1-4C9D-9B6C-3AE833131F87}.Debug|Any CPU.ActiveCfg = Debug|Any CPU
		{AD608794-6EE1-4C9D-9B6C-3AE833131F87}.Debug|Any CPU.Build.0 = Debug|Any CPU
		{AD608794-6EE1-4C9D-9B6C-3AE833131F87}.Release|Any CPU.ActiveCfg = Release|Any CPU
		{AD608794-6EE1-4C9D-9B6C-3AE833131F87}.Release|Any CPU.Build.0 = Release|Any CPU
		{FF4316BF-9E7A-48EA-BEB4-9F45E22EC56F}.Debug|Any CPU.ActiveCfg = Debug|Any CPU
		{FF4316BF-9E7A-48EA-BEB4-9F45E22EC56F}.Debug|Any CPU.Build.0 = Debug|Any CPU
		{FF4316BF-9E7A-48EA-BEB4-9F45E22EC56F}.Release|Any CPU.ActiveCfg = Release|Any CPU
		{FF4316BF-9E7A-48EA-BEB4-9F45E22EC56F}.Release|Any CPU.Build.0 = Release|Any CPU
		{965CDB2C-4FEA-40BD-BE73-8CA126554516}.Debug|Any CPU.ActiveCfg = Debug|Any CPU
		{965CDB2C-4FEA-40BD-BE73-8CA126554516}.Debug|Any CPU.Build.0 = Debug|Any CPU
		{965CDB2C-4FEA-40BD-BE73-8CA126554516}.Release|Any CPU.ActiveCfg = Release|Any CPU
		{965CDB2C-4FEA-40BD-BE73-8CA126554516}.Release|Any CPU.Build.0 = Release|Any CPU
		{62DD3D09-CB7F-4EB0-8556-B1A57B5096A1}.Debug|Any CPU.ActiveCfg = Debug|Any CPU
		{62DD3D09-CB7F-4EB0-8556-B1A57B5096A1}.Debug|Any CPU.Build.0 = Debug|Any CPU
		{62DD3D09-CB7F-4EB0-8556-B1A57B5096A1}.Release|Any CPU.ActiveCfg = Release|Any CPU
		{62DD3D09-CB7F-4EB0-8556-B1A57B5096A1}.Release|Any CPU.Build.0 = Release|Any CPU
		{D94DB147-C5E5-47A1-9E4F-29D3BC094DA1}.Debug|Any CPU.ActiveCfg = Debug|Any CPU
		{D94DB147-C5E5-47A1-9E4F-29D3BC094DA1}.Debug|Any CPU.Build.0 = Debug|Any CPU
		{D94DB147-C5E5-47A1-9E4F-29D3BC094DA1}.Release|Any CPU.ActiveCfg = Release|Any CPU
		{D94DB147-C5E5-47A1-9E4F-29D3BC094DA1}.Release|Any CPU.Build.0 = Release|Any CPU
	EndGlobalSection
	GlobalSection(SolutionProperties) = preSolution
		HideSolutionNode = FALSE
	EndGlobalSection
	GlobalSection(NestedProjects) = preSolution
		{D94DB147-C5E5-47A1-9E4F-29D3BC094DA1} = {24721741-ED68-4F3C-B04B-09687DC9FD6E}
	EndGlobalSection
	GlobalSection(ExtensibilityGlobals) = postSolution
		SolutionGuid = {8296C7B5-87C8-4000-B0DB-A50279FCA2CA}
	EndGlobalSection
EndGlobal
